
Microsoft Visual Studio Solution File, Format Version 12.00
# Visual Studio Version 16
VisualStudioVersion = 16.0.31005.135
MinimumVisualStudioVersion = 10.0.40219.1
Project("{9A19103F-16F7-4668-BE54-9A1E7A4F7556}") = "ApiProductor", "ApiProductor\ApiProductor.csproj", "{AA5C168F-5FC5-4BE0-94D8-40BCA56AFB1D}"
EndProject
Project("{FAE04EC0-301F-11D3-BF4B-00C04F79EFBC}") = "fncConsumidor", "fncConsumidor\fncConsumidor.csproj", "{4810728C-E20D-4DE1-9CA9-514CC07981DE}"
EndProject
Global
	GlobalSection(SolutionConfigurationPlatforms) = preSolution
		Debug|Any CPU = Debug|Any CPU
		Release|Any CPU = Release|Any CPU
	EndGlobalSection
	GlobalSection(ProjectConfigurationPlatforms) = postSolution
		{AA5C168F-5FC5-4BE0-94D8-40BCA56AFB1D}.Debug|Any CPU.ActiveCfg = Debug|Any CPU
		{AA5C168F-5FC5-4BE0-94D8-40BCA56AFB1D}.Debug|Any CPU.Build.0 = Debug|Any CPU
		{AA5C168F-5FC5-4BE0-94D8-40BCA56AFB1D}.Release|Any CPU.ActiveCfg = Release|Any CPU
		{AA5C168F-5FC5-4BE0-94D8-40BCA56AFB1D}.Release|Any CPU.Build.0 = Release|Any CPU
		{4810728C-E20D-4DE1-9CA9-514CC07981DE}.Debug|Any CPU.ActiveCfg = Debug|Any CPU
		{4810728C-E20D-4DE1-9CA9-514CC07981DE}.Debug|Any CPU.Build.0 = Debug|Any CPU
		{4810728C-E20D-4DE1-9CA9-514CC07981DE}.Release|Any CPU.ActiveCfg = Release|Any CPU
		{4810728C-E20D-4DE1-9CA9-514CC07981DE}.Release|Any CPU.Build.0 = Release|Any CPU
	EndGlobalSection
	GlobalSection(SolutionProperties) = preSolution
		HideSolutionNode = FALSE
	EndGlobalSection
	GlobalSection(ExtensibilityGlobals) = postSolution
		SolutionGuid = {2976240C-6FA5-4E8E-9BF2-3BE604A8B6A9}
	EndGlobalSection
EndGlobal
